{
 "graph_lock": {
  "nodes": {
   "0": {
    "ref": "uranium/5.5.0-alpha",
    "options": "devtools=False\narcus:shared=True\nbzip2:build_executable=True\nbzip2:shared=False\ncpython:env_vars=True\ncpython:optimizations=False\ncpython:shared=True\ncpython:with_bz2=True\ncpython:with_lzma=True\ncpython:with_sqlite3=True\ncpython:with_tkinter=True\nexpat:char_type=char\nexpat:shared=False\nlibffi:shared=False\nmpdecimal:cxx=True\nmpdecimal:shared=False\nopenssl:386=False\nopenssl:capieng_dialog=False\nopenssl:enable_capieng=False\nopenssl:enable_weak_ssl_ciphers=False\nopenssl:no_aria=False\nopenssl:no_asm=False\nopenssl:no_async=False\nopenssl:no_bf=False\nopenssl:no_blake2=False\nopenssl:no_camellia=False\nopenssl:no_cast=False\nopenssl:no_chacha=False\nopenssl:no_cms=False\nopenssl:no_comp=False\nopenssl:no_ct=False\nopenssl:no_deprecated=False\nopenssl:no_des=False\nopenssl:no_dgram=False\nopenssl:no_dh=False\nopenssl:no_dsa=False\nopenssl:no_dso=False\nopenssl:no_ec=False\nopenssl:no_ecdh=False\nopenssl:no_ecdsa=False\nopenssl:no_engine=False\nopenssl:no_filenames=False\nopenssl:no_gost=False\nopenssl:no_hmac=False\nopenssl:no_idea=False\nopenssl:no_md4=False\nopenssl:no_md5=False\nopenssl:no_mdc2=False\nopenssl:no_ocsp=False\nopenssl:no_pinshared=False\nopenssl:no_rc2=False\nopenssl:no_rfc3779=False\nopenssl:no_rmd160=False\nopenssl:no_rsa=False\nopenssl:no_seed=False\nopenssl:no_sha=False\nopenssl:no_sm2=False\nopenssl:no_sm3=False\nopenssl:no_sm4=False\nopenssl:no_sock=False\nopenssl:no_srp=False\nopenssl:no_srtp=False\nopenssl:no_sse2=False\nopenssl:no_ssl=False\nopenssl:no_ssl3=False\nopenssl:no_stdio=False\nopenssl:no_tests=False\nopenssl:no_threads=False\nopenssl:no_tls1=False\nopenssl:no_ts=False\nopenssl:no_whirlpool=False\nopenssl:openssldir=None\nopenssl:shared=False\nprotobuf:debug_suffix=True\nprotobuf:lite=False\nprotobuf:shared=False\nprotobuf:with_rtti=True\nprotobuf:with_zlib=True\npyarcus:py_build_backend=sipbuild.api\npyarcus:py_build_requires=\"sip >=6, <7\", \"setuptools>=40.8.0\", \"wheel\"\npyarcus:shared=True\nsqlite3:build_executable=True\nsqlite3:disable_gethostuuid=False\nsqlite3:enable_column_metadata=True\nsqlite3:enable_dbpage_vtab=False\nsqlite3:enable_dbstat_vtab=False\nsqlite3:enable_default_secure_delete=False\nsqlite3:enable_default_vfs=True\nsqlite3:enable_explain_comments=False\nsqlite3:enable_fts3=False\nsqlite3:enable_fts3_parenthesis=False\nsqlite3:enable_fts4=False\nsqlite3:enable_fts5=False\nsqlite3:enable_json1=False\nsqlite3:enable_math_functions=True\nsqlite3:enable_preupdate_hook=False\nsqlite3:enable_rtree=True\nsqlite3:enable_soundex=False\nsqlite3:enable_unlock_notify=True\nsqlite3:max_blob_size=None\nsqlite3:max_column=None\nsqlite3:max_variable_number=None\nsqlite3:omit_deprecated=False\nsqlite3:omit_load_extension=False\nsqlite3:shared=False\nsqlite3:threadsafe=1\nsqlite3:use_alloca=False\ntcl:shared=False\ntk:shared=False\nxz_utils:shared=False\nzlib:shared=False",
    "python_requires": [
     "umbase/0.1.7@ultimaker/stable#86ee69dd0b8ae26b5f95f511f50b85f6",
     "translationextractor/2.1.4@ultimaker/stable#f3ff8574247556b036dfd04e6e2dd39f"
    ],
    "requires": [
     "1",
     "5"
    ],
    "path": "conanfile.py",
    "context": "host"
   },
   "1": {
    "ref": "pyarcus/5.3.0#10e23195a57fca9807f6a5a7bb075c865de60059",
    "options": "py_build_backend=sipbuild.api\npy_build_requires=\"sip >=6, <7\", \"setuptools>=40.8.0\", \"wheel\"\nshared=True\narcus:shared=True\nbzip2:build_executable=True\nbzip2:shared=False\ncpython:env_vars=True\ncpython:optimizations=False\ncpython:shared=True\ncpython:with_bz2=True\ncpython:with_lzma=True\ncpython:with_sqlite3=True\ncpython:with_tkinter=True\nexpat:char_type=char\nexpat:shared=False\nlibffi:shared=False\nmpdecimal:cxx=True\nmpdecimal:shared=False\nopenssl:386=False\nopenssl:capieng_dialog=False\nopenssl:enable_capieng=False\nopenssl:enable_weak_ssl_ciphers=False\nopenssl:no_aria=False\nopenssl:no_asm=False\nopenssl:no_async=False\nopenssl:no_bf=False\nopenssl:no_blake2=False\nopenssl:no_camellia=False\nopenssl:no_cast=False\nopenssl:no_chacha=False\nopenssl:no_cms=False\nopenssl:no_comp=False\nopenssl:no_ct=False\nopenssl:no_deprecated=False\nopenssl:no_des=False\nopenssl:no_dgram=False\nopenssl:no_dh=False\nopenssl:no_dsa=False\nopenssl:no_dso=False\nopenssl:no_ec=False\nopenssl:no_ecdh=False\nopenssl:no_ecdsa=False\nopenssl:no_engine=False\nopenssl:no_filenames=False\nopenssl:no_gost=False\nopenssl:no_hmac=False\nopenssl:no_idea=False\nopenssl:no_md4=False\nopenssl:no_md5=False\nopenssl:no_mdc2=False\nopenssl:no_ocsp=False\nopenssl:no_pinshared=False\nopenssl:no_rc2=False\nopenssl:no_rfc3779=False\nopenssl:no_rmd160=False\nopenssl:no_rsa=False\nopenssl:no_seed=False\nopenssl:no_sha=False\nopenssl:no_sm2=False\nopenssl:no_sm3=False\nopenssl:no_sm4=False\nopenssl:no_sock=False\nopenssl:no_srp=False\nopenssl:no_srtp=False\nopenssl:no_sse2=False\nopenssl:no_ssl=False\nopenssl:no_ssl3=False\nopenssl:no_stdio=False\nopenssl:no_tests=False\nopenssl:no_threads=False\nopenssl:no_tls1=False\nopenssl:no_ts=False\nopenssl:no_whirlpool=False\nopenssl:openssldir=None\nopenssl:shared=False\nprotobuf:debug_suffix=True\nprotobuf:lite=False\nprotobuf:shared=False\nprotobuf:with_rtti=True\nprotobuf:with_zlib=True\nsqlite3:build_executable=True\nsqlite3:disable_gethostuuid=False\nsqlite3:enable_column_metadata=True\nsqlite3:enable_dbpage_vtab=False\nsqlite3:enable_dbstat_vtab=False\nsqlite3:enable_default_secure_delete=False\nsqlite3:enable_default_vfs=True\nsqlite3:enable_explain_comments=False\nsqlite3:enable_fts3=False\nsqlite3:enable_fts3_parenthesis=False\nsqlite3:enable_fts4=False\nsqlite3:enable_fts5=False\nsqlite3:enable_json1=False\nsqlite3:enable_math_functions=True\nsqlite3:enable_preupdate_hook=False\nsqlite3:enable_rtree=True\nsqlite3:enable_soundex=False\nsqlite3:enable_unlock_notify=True\nsqlite3:max_blob_size=None\nsqlite3:max_column=None\nsqlite3:max_variable_number=None\nsqlite3:omit_deprecated=False\nsqlite3:omit_load_extension=False\nsqlite3:shared=False\nsqlite3:threadsafe=1\nsqlite3:use_alloca=False\ntcl:shared=False\ntk:shared=False\nxz_utils:shared=False\nzlib:shared=False",
    "package_id": "96f893f5b089a28c0c7c0a47164e8bf336e52f2b",
    "prev": "bc6b7aefd3d851f0edeb23eb336536b6",
    "python_requires": [
     "pyprojecttoolchain/0.1.7@ultimaker/stable#1086c1541806b1ab08804506247f5a44",
     "sipbuildtool/0.2.4@ultimaker/stable#afff6042c9c03ae8b1b3402843c663b2"
    ],
    "modified": true,
    "requires": [
     "2",
     "4",
     "5",
     "3"
    ],
    "build_requires": [
     "15",
     "16"
    ],
    "context": "host"
   },
   "2": {
    "ref": "protobuf/3.21.9#515ceb0a1653cf84363d9968b812d6be",
    "options": "debug_suffix=True\nlite=False\nshared=False\nwith_rtti=True\nwith_zlib=True\nzlib:shared=False",
    "package_id": "25c559d9bd3e56ee56fea11c9082b7e32838e206",
    "prev": "2275ca342167a9a5b3aff6f7d259d28d",
    "requires": [
     "3"
    ],
    "context": "host"
   },
   "3": {
    "ref": "zlib/1.2.12#3b9e037ae1c615d045a06c67d88491ae",
    "options": "shared=False",
    "package_id": "5a61a86bb3e07ce4262c80e1510f9c05e9b6d48b",
    "prev": "8d659484dddda743b1fc49982294c35a",
    "context": "host"
   },
   "4": {
    "ref": "arcus/5.3.0#c93fa068cb5b616a99e130bd4c0b11a3",
    "options": "shared=True\nprotobuf:debug_suffix=True\nprotobuf:lite=False\nprotobuf:shared=False\nprotobuf:with_rtti=True\nprotobuf:with_zlib=True\nzlib:shared=False",
    "package_id": "e002014d36729974138cfdc145f7b3093abadf6c",
    "prev": "b5ba6e1da2d44eb5ff350445907cdfbf",
    "requires": [
     "2"
    ],
    "context": "host"
   },
   "5": {
    "ref": "cpython/3.10.4#b32bdcfcf86f4dca328f12e1faf40db7",
    "options": "env_vars=True\noptimizations=False\nshared=True\nwith_bz2=True\nwith_lzma=True\nwith_sqlite3=True\nwith_tkinter=True\nbzip2:build_executable=True\nbzip2:shared=False\nexpat:char_type=char\nexpat:shared=False\nlibffi:shared=False\nmpdecimal:cxx=True\nmpdecimal:shared=False\nopenssl:386=False\nopenssl:capieng_dialog=False\nopenssl:enable_capieng=False\nopenssl:enable_weak_ssl_ciphers=False\nopenssl:no_aria=False\nopenssl:no_asm=False\nopenssl:no_async=False\nopenssl:no_bf=False\nopenssl:no_blake2=False\nopenssl:no_camellia=False\nopenssl:no_cast=False\nopenssl:no_chacha=False\nopenssl:no_cms=False\nopenssl:no_comp=False\nopenssl:no_ct=False\nopenssl:no_deprecated=False\nopenssl:no_des=False\nopenssl:no_dgram=False\nopenssl:no_dh=False\nopenssl:no_dsa=False\nopenssl:no_dso=False\nopenssl:no_ec=False\nopenssl:no_ecdh=False\nopenssl:no_ecdsa=False\nopenssl:no_engine=False\nopenssl:no_filenames=False\nopenssl:no_gost=False\nopenssl:no_hmac=False\nopenssl:no_idea=False\nopenssl:no_md4=False\nopenssl:no_md5=False\nopenssl:no_mdc2=False\nopenssl:no_ocsp=False\nopenssl:no_pinshared=False\nopenssl:no_rc2=False\nopenssl:no_rfc3779=False\nopenssl:no_rmd160=False\nopenssl:no_rsa=False\nopenssl:no_seed=False\nopenssl:no_sha=False\nopenssl:no_sm2=False\nopenssl:no_sm3=False\nopenssl:no_sm4=False\nopenssl:no_sock=False\nopenssl:no_srp=False\nopenssl:no_srtp=False\nopenssl:no_sse2=False\nopenssl:no_ssl=False\nopenssl:no_ssl3=False\nopenssl:no_stdio=False\nopenssl:no_tests=False\nopenssl:no_threads=False\nopenssl:no_tls1=False\nopenssl:no_ts=False\nopenssl:no_whirlpool=False\nopenssl:openssldir=None\nopenssl:shared=False\nsqlite3:build_executable=True\nsqlite3:disable_gethostuuid=False\nsqlite3:enable_column_metadata=True\nsqlite3:enable_dbpage_vtab=False\nsqlite3:enable_dbstat_vtab=False\nsqlite3:enable_default_secure_delete=False\nsqlite3:enable_default_vfs=True\nsqlite3:enable_explain_comments=False\nsqlite3:enable_fts3=False\nsqlite3:enable_fts3_parenthesis=False\nsqlite3:enable_fts4=False\nsqlite3:enable_fts5=False\nsqlite3:enable_json1=False\nsqlite3:enable_math_functions=True\nsqlite3:enable_preupdate_hook=False\nsqlite3:enable_rtree=True\nsqlite3:enable_soundex=False\nsqlite3:enable_unlock_notify=True\nsqlite3:max_blob_size=None\nsqlite3:max_column=None\nsqlite3:max_variable_number=None\nsqlite3:omit_deprecated=False\nsqlite3:omit_load_extension=False\nsqlite3:shared=False\nsqlite3:threadsafe=1\nsqlite3:use_alloca=False\ntcl:shared=False\ntk:shared=False\nxz_utils:shared=False\nzlib:shared=False",
    "package_id": "1e1dce5c5f980cc9662f9422f167ceffc2aa5e4e",
    "prev": "8782544cd8fbf8b034eff364043e785a",
    "requires": [
     "3",
     "6",
     "7",
     "8",
     "9",
     "10",
     "11",
     "12",
     "14"
    ],
    "context": "host"
   },
   "6": {
    "ref": "openssl/1.1.1l#de73a8aad9d5a14da8ed43b40592195a",
    "options": "386=False\ncapieng_dialog=False\nenable_capieng=False\nenable_weak_ssl_ciphers=False\nno_aria=False\nno_asm=False\nno_async=False\nno_bf=False\nno_blake2=False\nno_camellia=False\nno_cast=False\nno_chacha=False\nno_cms=False\nno_comp=False\nno_ct=False\nno_deprecated=False\nno_des=False\nno_dgram=False\nno_dh=False\nno_dsa=False\nno_dso=False\nno_ec=False\nno_ecdh=False\nno_ecdsa=False\nno_engine=False\nno_filenames=False\nno_gost=False\nno_hmac=False\nno_idea=False\nno_md4=False\nno_md5=False\nno_mdc2=False\nno_ocsp=False\nno_pinshared=False\nno_rc2=False\nno_rfc3779=False\nno_rmd160=False\nno_rsa=False\nno_seed=False\nno_sha=False\nno_sm2=False\nno_sm3=False\nno_sm4=False\nno_sock=False\nno_srp=False\nno_srtp=False\nno_sse2=False\nno_ssl=False\nno_ssl3=False\nno_stdio=False\nno_tests=False\nno_threads=False\nno_tls1=False\nno_ts=False\nno_whirlpool=False\nopenssldir=None\nshared=False",
    "package_id": "5a61a86bb3e07ce4262c80e1510f9c05e9b6d48b",
    "prev": "ad57592b4bd35c7fdf23dbf7c62d665e",
    "context": "host"
   },
   "7": {
    "ref": "expat/2.4.1#a36c94ae11100f2e3259a9edd4f77055",
    "options": "char_type=char\nshared=False",
    "package_id": "8e589e066a19f700666be77ed94ff8e8bc88ee10",
    "prev": "199db9f3c717af49118c6b048f6ae818",
    "context": "host"
   },
   "8": {
    "ref": "libffi/3.2.1#33b3eff20f1be5d569235ae100266729",
    "options": "shared=False",
    "package_id": "5a61a86bb3e07ce4262c80e1510f9c05e9b6d48b",
    "prev": "6414eeb6fdcbaa875198ccd9eeed6e5a",
    "context": "host"
   },
   "9": {
    "ref": "mpdecimal/2.5.0#d8aaabf46cfa93efaadfe66733885102",
    "options": "cxx=True\nshared=False",
    "package_id": "5c8fc3ef602a8e57d81400f2865131af6a719c3d",
    "prev": "e5eeeadc0c67576ab75d4a8261cdbb74",
    "context": "host"
   },
   "10": {
    "ref": "bzip2/1.0.8#b056f852bd2d5af96fc7171aadfd6c0b",
    "options": "build_executable=True\nshared=False",
    "package_id": "53b5fd22ba061620078deefdae9a437c5f693201",
    "prev": "e8aea96ea6fdafa602e865f0adeeab10",
    "context": "host"
   },
   "11": {
    "ref": "sqlite3/3.36.0#d42a67cd9049135c9d299f26809c4be1",
    "options": "build_executable=True\ndisable_gethostuuid=False\nenable_column_metadata=True\nenable_dbpage_vtab=False\nenable_dbstat_vtab=False\nenable_default_secure_delete=False\nenable_default_vfs=True\nenable_explain_comments=False\nenable_fts3=False\nenable_fts3_parenthesis=False\nenable_fts4=False\nenable_fts5=False\nenable_json1=False\nenable_math_functions=True\nenable_preupdate_hook=False\nenable_rtree=True\nenable_soundex=False\nenable_unlock_notify=True\nmax_blob_size=None\nmax_column=None\nmax_variable_number=None\nomit_deprecated=False\nomit_load_extension=False\nshared=False\nthreadsafe=1\nuse_alloca=False",
    "package_id": "d4c90a44e87a0129d6c89e58d1337c25a5bec2b4",
    "prev": "c5618d7a6aef55d6d6d48754bf5baca6",
    "context": "host"
   },
   "12": {
    "ref": "tk/8.6.10#52dd820e70534d4342fe6caec84beaff",
    "options": "shared=False\ntcl:shared=False\nzlib:shared=False",
    "package_id": "604976367e9e090940576d923c0209d158388d81",
    "prev": "24a22b13a1c39a7b5f0b024147ce6e9f",
    "requires": [
     "13"
    ],
    "context": "host"
   },
   "13": {
    "ref": "tcl/8.6.10#aec77174134a121aaa59321674d1e893",
    "options": "shared=False\nzlib:shared=False",
    "package_id": "fcff1a7682b466eb6f2504a0d9ba2400f494d9a7",
    "prev": "c38757859e4e27661a7c962f16de2422",
    "requires": [
     "3"
    ],
    "context": "host"
   },
   "14": {
    "ref": "xz_utils/5.2.5#dd8565c00d13a3a6fb2f01214f73a076",
    "options": "shared=False",
    "package_id": "5a61a86bb3e07ce4262c80e1510f9c05e9b6d48b",
    "prev": "04f9aec92986fc9845ea2a8ded284765",
    "context": "host"
   },
   "15": {
    "ref": "standardprojectsettings/0.1.1@ultimaker/stable#b512c137acafc59f19b5971c8d8e2acc",
    "options": "",
    "package_id": "5ab84d6acfe1f23c4fae0ab88f26e3a396351ac9",
    "prev": "ea03fdf6ae70f29a6d8825cb2efafa91",
    "context": "host"
   },
   "16": {
    "ref": "sipbuildtool/0.2.4@ultimaker/stable#afff6042c9c03ae8b1b3402843c663b2",
    "options": "",
    "package_id": "5ab84d6acfe1f23c4fae0ab88f26e3a396351ac9",
    "prev": "de52114ba534af6ee7dc9783eebcd017",
    "context": "host"
   }
  },
  "revisions_enabled": true
 },
 "version": "0.4",
 "profile_host": "[settings]\narch=x86_64\narch_build=x86_64\nbuild_type=Release\ncompiler=Visual Studio\ncompiler.cppstd=17\ncompiler.runtime=MD\ncompiler.version=17\nos=Windows\nos_build=Windows\ncuraengine:compiler.cppstd=20\ncuraengine*:compiler.cppstd=20\ncuraengine_plugin_infill_generate:compiler.cppstd=20\ncuraengine_plugin_gradual_flow:compiler.cppstd=20\ncuraengine_grpc_definitions:compiler.cppstd=20\nscripta:compiler.cppstd=20\numspatial*:compiler.cppstd=20\n[options]\ncura:devtools=True\n[build_requires]\n[env]\n[conf]\ntools.cmake.cmaketoolchain:generator=Ninja\ntools.env.virtualenv:auto_use=True\ntools.gnu:define_libcxx11_abi=True\ntools.build:skip_test=False\n",
 "profile_build": "[settings]\narch=x86_64\narch_build=x86_64\nbuild_type=Release\ncompiler=Visual Studio\ncompiler.cppstd=17\ncompiler.runtime=MD\ncompiler.version=17\nos=Windows\nos_build=Windows\n[options]\n[build_requires]\n[env]\n[conf]\ntools.cmake.cmaketoolchain:generator=Ninja\ntools.env.virtualenv:auto_use=True\ntools.gnu:define_libcxx11_abi=True\ntools.build:skip_test=False\n"
}